
Microsoft Visual Studio Solution File, Format Version 12.00
Project("{FAE04EC0-301F-11D3-BF4B-00C04F79EFBC}") = "Base01", "Base01\Base01.csproj", "{A3DD520A-B94E-49A3-B4F5-201126DD2CF7}"
EndProject
Project("{FAE04EC0-301F-11D3-BF4B-00C04F79EFBC}") = "Base02", "Base02\Base02.csproj", "{04F1C5BE-3013-46A7-B51B-E54BD9884C4A}"
EndProject
Project("{FAE04EC0-301F-11D3-BF4B-00C04F79EFBC}") = "Base03", "Base03\Base03.csproj", "{B1659482-F40D-4A0B-9EC5-183D06021872}"
EndProject
Project("{FAE04EC0-301F-11D3-BF4B-00C04F79EFBC}") = "Base04", "Base04\Base04.csproj", "{7193665A-7E6F-4998-A34C-1771BDE59DB7}"
EndProject
Project("{FAE04EC0-301F-11D3-BF4B-00C04F79EFBC}") = "Base05", "Base05\Base05.csproj", "{C0F22187-5794-4D33-9CA3-27A64BEF1DCC}"
EndProject
Project("{FAE04EC0-301F-11D3-BF4B-00C04F79EFBC}") = "Base06", "Base06\Base06.csproj", "{BEDEA35E-0DA9-422B-B0CA-ADB1977AEC08}"
EndProject
Project("{FAE04EC0-301F-11D3-BF4B-00C04F79EFBC}") = "Base07", "Base07\Base07.csproj", "{223BA504-68F3-4EA2-8B02-695CE568167E}"
EndProject
Project("{FAE04EC0-301F-11D3-BF4B-00C04F79EFBC}") = "Sample04", "Sample04\Sample04.csproj", "{5539C198-F8CD-431B-8D21-7DFD001FB9C6}"
EndProject
Project("{FAE04EC0-301F-11D3-BF4B-00C04F79EFBC}") = "Sample03", "Sample03\Sample03.csproj", "{2D58FA02-E81B-4104-BCE7-AE09964B4E6F}"
EndProject
Project("{FAE04EC0-301F-11D3-BF4B-00C04F79EFBC}") = "Sample05", "Sample05\Sample05.csproj", "{8FE22210-7F49-483F-8538-470E448687E1}"
EndProject
Project("{FAE04EC0-301F-11D3-BF4B-00C04F79EFBC}") = "Sample06", "Sample06\Sample06.csproj", "{E921573B-CE5F-4045-AE74-6DFF0C9B1C67}"
EndProject
Project("{FAE04EC0-301F-11D3-BF4B-00C04F79EFBC}") = "Sample07", "Sample07\Sample07.csproj", "{B358BC02-7668-40A6-B31D-EA663E9D7456}"
EndProject
Project("{FAE04EC0-301F-11D3-BF4B-00C04F79EFBC}") = "Sample01", "Sample01\Sample01.csproj", "{7D4FE2EB-848A-4651-AA3D-EE3887D4AF9C}"
EndProject
Project("{FAE04EC0-301F-11D3-BF4B-00C04F79EFBC}") = "Sample02", "Sample02\Sample02.csproj", "{5A4EE065-E53D-48F9-A7B0-1A789A4F1942}"
EndProject
Global
	GlobalSection(SolutionConfigurationPlatforms) = preSolution
		Debug|Any CPU = Debug|Any CPU
		Release|Any CPU = Release|Any CPU
	EndGlobalSection
	GlobalSection(ProjectConfigurationPlatforms) = postSolution
		{A3DD520A-B94E-49A3-B4F5-201126DD2CF7}.Debug|Any CPU.ActiveCfg = Debug|Any CPU
		{A3DD520A-B94E-49A3-B4F5-201126DD2CF7}.Debug|Any CPU.Build.0 = Debug|Any CPU
		{A3DD520A-B94E-49A3-B4F5-201126DD2CF7}.Release|Any CPU.ActiveCfg = Release|Any CPU
		{A3DD520A-B94E-49A3-B4F5-201126DD2CF7}.Release|Any CPU.Build.0 = Release|Any CPU
		{04F1C5BE-3013-46A7-B51B-E54BD9884C4A}.Debug|Any CPU.ActiveCfg = Debug|Any CPU
		{04F1C5BE-3013-46A7-B51B-E54BD9884C4A}.Debug|Any CPU.Build.0 = Debug|Any CPU
		{04F1C5BE-3013-46A7-B51B-E54BD9884C4A}.Release|Any CPU.ActiveCfg = Release|Any CPU
		{04F1C5BE-3013-46A7-B51B-E54BD9884C4A}.Release|Any CPU.Build.0 = Release|Any CPU
		{B1659482-F40D-4A0B-9EC5-183D06021872}.Debug|Any CPU.ActiveCfg = Debug|Any CPU
		{B1659482-F40D-4A0B-9EC5-183D06021872}.Debug|Any CPU.Build.0 = Debug|Any CPU
		{B1659482-F40D-4A0B-9EC5-183D06021872}.Release|Any CPU.ActiveCfg = Release|Any CPU
		{B1659482-F40D-4A0B-9EC5-183D06021872}.Release|Any CPU.Build.0 = Release|Any CPU
		{7193665A-7E6F-4998-A34C-1771BDE59DB7}.Debug|Any CPU.ActiveCfg = Debug|Any CPU
		{7193665A-7E6F-4998-A34C-1771BDE59DB7}.Debug|Any CPU.Build.0 = Debug|Any CPU
		{7193665A-7E6F-4998-A34C-1771BDE59DB7}.Release|Any CPU.ActiveCfg = Release|Any CPU
		{7193665A-7E6F-4998-A34C-1771BDE59DB7}.Release|Any CPU.Build.0 = Release|Any CPU
		{C0F22187-5794-4D33-9CA3-27A64BEF1DCC}.Debug|Any CPU.ActiveCfg = Debug|Any CPU
		{C0F22187-5794-4D33-9CA3-27A64BEF1DCC}.Debug|Any CPU.Build.0 = Debug|Any CPU
		{C0F22187-5794-4D33-9CA3-27A64BEF1DCC}.Release|Any CPU.ActiveCfg = Release|Any CPU
		{C0F22187-5794-4D33-9CA3-27A64BEF1DCC}.Release|Any CPU.Build.0 = Release|Any CPU
		{BEDEA35E-0DA9-422B-B0CA-ADB1977AEC08}.Debug|Any CPU.ActiveCfg = Debug|Any CPU
		{BEDEA35E-0DA9-422B-B0CA-ADB1977AEC08}.Debug|Any CPU.Build.0 = Debug|Any CPU
		{BEDEA35E-0DA9-422B-B0CA-ADB1977AEC08}.Release|Any CPU.ActiveCfg = Release|Any CPU
		{BEDEA35E-0DA9-422B-B0CA-ADB1977AEC08}.Release|Any CPU.Build.0 = Release|Any CPU
		{223BA504-68F3-4EA2-8B02-695CE568167E}.Debug|Any CPU.ActiveCfg = Debug|Any CPU
		{223BA504-68F3-4EA2-8B02-695CE568167E}.Debug|Any CPU.Build.0 = Debug|Any CPU
		{223BA504-68F3-4EA2-8B02-695CE568167E}.Release|Any CPU.ActiveCfg = Release|Any CPU
		{223BA504-68F3-4EA2-8B02-695CE568167E}.Release|Any CPU.Build.0 = Release|Any CPU
		{5539C198-F8CD-431B-8D21-7DFD001FB9C6}.Debug|Any CPU.ActiveCfg = Debug|Any CPU
		{5539C198-F8CD-431B-8D21-7DFD001FB9C6}.Debug|Any CPU.Build.0 = Debug|Any CPU
		{5539C198-F8CD-431B-8D21-7DFD001FB9C6}.Release|Any CPU.ActiveCfg = Release|Any CPU
		{5539C198-F8CD-431B-8D21-7DFD001FB9C6}.Release|Any CPU.Build.0 = Release|Any CPU
		{2D58FA02-E81B-4104-BCE7-AE09964B4E6F}.Debug|Any CPU.ActiveCfg = Debug|Any CPU
		{2D58FA02-E81B-4104-BCE7-AE09964B4E6F}.Debug|Any CPU.Build.0 = Debug|Any CPU
		{2D58FA02-E81B-4104-BCE7-AE09964B4E6F}.Release|Any CPU.ActiveCfg = Release|Any CPU
		{2D58FA02-E81B-4104-BCE7-AE09964B4E6F}.Release|Any CPU.Build.0 = Release|Any CPU
		{8FE22210-7F49-483F-8538-470E448687E1}.Debug|Any CPU.ActiveCfg = Debug|Any CPU
		{8FE22210-7F49-483F-8538-470E448687E1}.Debug|Any CPU.Build.0 = Debug|Any CPU
		{8FE22210-7F49-483F-8538-470E448687E1}.Release|Any CPU.ActiveCfg = Release|Any CPU
		{8FE22210-7F49-483F-8538-470E448687E1}.Release|Any CPU.Build.0 = Release|Any CPU
		{E921573B-CE5F-4045-AE74-6DFF0C9B1C67}.Debug|Any CPU.ActiveCfg = Debug|Any CPU
		{E921573B-CE5F-4045-AE74-6DFF0C9B1C67}.Debug|Any CPU.Build.0 = Debug|Any CPU
		{E921573B-CE5F-4045-AE74-6DFF0C9B1C67}.Release|Any CPU.ActiveCfg = Release|Any CPU
		{E921573B-CE5F-4045-AE74-6DFF0C9B1C67}.Release|Any CPU.Build.0 = Release|Any CPU
		{B358BC02-7668-40A6-B31D-EA663E9D7456}.Debug|Any CPU.ActiveCfg = Debug|Any CPU
		{B358BC02-7668-40A6-B31D-EA663E9D7456}.Debug|Any CPU.Build.0 = Debug|Any CPU
		{B358BC02-7668-40A6-B31D-EA663E9D7456}.Release|Any CPU.ActiveCfg = Release|Any CPU
		{B358BC02-7668-40A6-B31D-EA663E9D7456}.Release|Any CPU.Build.0 = Release|Any CPU
		{7D4FE2EB-848A-4651-AA3D-EE3887D4AF9C}.Debug|Any CPU.ActiveCfg = Debug|Any CPU
		{7D4FE2EB-848A-4651-AA3D-EE3887D4AF9C}.Debug|Any CPU.Build.0 = Debug|Any CPU
		{7D4FE2EB-848A-4651-AA3D-EE3887D4AF9C}.Release|Any CPU.ActiveCfg = Release|Any CPU
		{7D4FE2EB-848A-4651-AA3D-EE3887D4AF9C}.Release|Any CPU.Build.0 = Release|Any CPU
		{5A4EE065-E53D-48F9-A7B0-1A789A4F1942}.Debug|Any CPU.ActiveCfg = Debug|Any CPU
		{5A4EE065-E53D-48F9-A7B0-1A789A4F1942}.Debug|Any CPU.Build.0 = Debug|Any CPU
		{5A4EE065-E53D-48F9-A7B0-1A789A4F1942}.Release|Any CPU.ActiveCfg = Release|Any CPU
		{5A4EE065-E53D-48F9-A7B0-1A789A4F1942}.Release|Any CPU.Build.0 = Release|Any CPU
	EndGlobalSection
EndGlobal
